
Microsoft Visual Studio Solution File, Format Version 12.00
# Visual Studio Version 17
VisualStudioVersion = 17.13.35931.197
MinimumVisualStudioVersion = 10.0.40219.1
Project("{8BC9CEB8-8B4A-11D0-8D11-00A0C91BC942}") = "stack", "stack.vcxproj", "{C5841E7D-7A98-4847-A765-9D00BB2BED48}"
EndProject
Global
	GlobalSection(SolutionConfigurationPlatforms) = preSolution
		Debug|x64 = Debug|x64
		Debug|x86 = Debug|x86
		DebugMT|x64 = DebugMT|x64
		DebugMT|x86 = DebugMT|x86
		Release|x64 = Release|x64
		Release|x86 = Release|x86
		ReleaseMT|x64 = ReleaseMT|x64
		ReleaseMT|x86 = ReleaseMT|x86
	EndGlobalSection
	GlobalSection(ProjectConfigurationPlatforms) = postSolution
		{C5841E7D-7A98-4847-A765-9D00BB2BED48}.Debug|x64.ActiveCfg = Debug|x64
		{C5841E7D-7A98-4847-A765-9D00BB2BED48}.Debug|x64.Build.0 = Debug|x64
		{C5841E7D-7A98-4847-A765-9D00BB2BED48}.Debug|x86.ActiveCfg = Debug|Win32
		{C5841E7D-7A98-4847-A765-9D00BB2BED48}.Debug|x86.Build.0 = Debug|Win32
		{C5841E7D-7A98-4847-A765-9D00BB2BED48}.DebugMT|x64.ActiveCfg = Debug|x64
		{C5841E7D-7A98-4847-A765-9D00BB2BED48}.DebugMT|x64.Build.0 = Debug|x64
		{C5841E7D-7A98-4847-A765-9D00BB2BED48}.DebugMT|x86.ActiveCfg = Debug|Win32
		{C5841E7D-7A98-4847-A765-9D00BB2BED48}.DebugMT|x86.Build.0 = Debug|Win32
		{C5841E7D-7A98-4847-A765-9D00BB2BED48}.Release|x64.ActiveCfg = Release|x64
		{C5841E7D-7A98-4847-A765-9D00BB2BED48}.Release|x64.Build.0 = Release|x64
		{C5841E7D-7A98-4847-A765-9D00BB2BED48}.Release|x86.ActiveCfg = Release|Win32
		{C5841E7D-7A98-4847-A765-9D00BB2BED48}.Release|x86.Build.0 = Release|Win32
		{C5841E7D-7A98-4847-A765-9D00BB2BED48}.ReleaseMT|x64.ActiveCfg = Release|x64
		{C5841E7D-7A98-4847-A765-9D00BB2BED48}.ReleaseMT|x64.Build.0 = Release|x64
		{C5841E7D-7A98-4847-A765-9D00BB2BED48}.ReleaseMT|x86.ActiveCfg = Release|Win32
		{C5841E7D-7A98-4847-A765-9D00BB2BED48}.ReleaseMT|x86.Build.0 = Release|Win32
	EndGlobalSection
	GlobalSection(SolutionProperties) = preSolution
		HideSolutionNode = FALSE
	EndGlobalSection
	GlobalSection(ExtensibilityGlobals) = postSolution
		SolutionGuid = {48F39E03-7FA6-4CD4-9ABD-65BD5F431CA2}
	EndGlobalSection
EndGlobal
